// !$*UTF8*$!
{
	archiveVersion = 1;
	classes = {
	};
	objectVersion = 50;
	objects = {

/* Begin PBXBuildFile section */
		45D68A9E260AA1B300D6184A /* AppDelegate.swift in Sources */ = {isa = PBXBuildFile; fileRef = 45D68A9D260AA1B300D6184A /* AppDelegate.swift */; };
		45D68AA2260AA1B300D6184A /* HomeViewController.swift in Sources */ = {isa = PBXBuildFile; fileRef = 45D68AA1260AA1B300D6184A /* HomeViewController.swift */; };
		45D68AA7260AA1B500D6184A /* Assets.xcassets in Resources */ = {isa = PBXBuildFile; fileRef = 45D68AA6260AA1B500D6184A /* Assets.xcassets */; };
		45D68AAA260AA1B500D6184A /* LaunchScreen.storyboard in Resources */ = {isa = PBXBuildFile; fileRef = 45D68AA8260AA1B500D6184A /* LaunchScreen.storyboard */; };
		45D68AC6260AA64800D6184A /* AuthManager.swift in Sources */ = {isa = PBXBuildFile; fileRef = 45D68AC5260AA64800D6184A /* AuthManager.swift */; };
		45D68AC9260AA65200D6184A /* APICaller.swift in Sources */ = {isa = PBXBuildFile; fileRef = 45D68AC8260AA65200D6184A /* APICaller.swift */; };
		45D68ACC260AA65B00D6184A /* HapticsManager.swift in Sources */ = {isa = PBXBuildFile; fileRef = 45D68ACB260AA65B00D6184A /* HapticsManager.swift */; };
		45D68ACF260AA67000D6184A /* Playlist.swift in Sources */ = {isa = PBXBuildFile; fileRef = 45D68ACE260AA67000D6184A /* Playlist.swift */; };
		45D68AD2260AA67B00D6184A /* AudioTrack.swift in Sources */ = {isa = PBXBuildFile; fileRef = 45D68AD1260AA67B00D6184A /* AudioTrack.swift */; };
		45D68AD5260AA68300D6184A /* Artist.swift in Sources */ = {isa = PBXBuildFile; fileRef = 45D68AD4260AA68300D6184A /* Artist.swift */; };
		45D68AD8260AA69100D6184A /* UserProfile.swift in Sources */ = {isa = PBXBuildFile; fileRef = 45D68AD7260AA69100D6184A /* UserProfile.swift */; };
		45D68ADC260AA6D500D6184A /* SearchViewController.swift in Sources */ = {isa = PBXBuildFile; fileRef = 45D68ADB260AA6D500D6184A /* SearchViewController.swift */; };
		45D68ADF260AA6DE00D6184A /* LibraryViewController.swift in Sources */ = {isa = PBXBuildFile; fileRef = 45D68ADE260AA6DE00D6184A /* LibraryViewController.swift */; };
		45D68AE3260AA71700D6184A /* WelcomeViewController.swift in Sources */ = {isa = PBXBuildFile; fileRef = 45D68AE2260AA71700D6184A /* WelcomeViewController.swift */; };
		45D68AE6260AA72100D6184A /* AuthViewController.swift in Sources */ = {isa = PBXBuildFile; fileRef = 45D68AE5260AA72100D6184A /* AuthViewController.swift */; };
		45D68AE9260AA72B00D6184A /* SettingsViewController.swift in Sources */ = {isa = PBXBuildFile; fileRef = 45D68AE8260AA72B00D6184A /* SettingsViewController.swift */; };
		45D68AEC260AA73400D6184A /* ProfileViewController.swift in Sources */ = {isa = PBXBuildFile; fileRef = 45D68AEB260AA73400D6184A /* ProfileViewController.swift */; };
		45D68AEF260AA73C00D6184A /* PlayerViewController.swift in Sources */ = {isa = PBXBuildFile; fileRef = 45D68AEE260AA73C00D6184A /* PlayerViewController.swift */; };
		45D68AF2260AA74700D6184A /* PlaylistViewController.swift in Sources */ = {isa = PBXBuildFile; fileRef = 45D68AF1260AA74700D6184A /* PlaylistViewController.swift */; };
		45D68AF5260AA75E00D6184A /* SearchResultViewController.swift in Sources */ = {isa = PBXBuildFile; fileRef = 45D68AF4260AA75E00D6184A /* SearchResultViewController.swift */; };
		45D68AF9260AA7B900D6184A /* TabBarViewController.swift in Sources */ = {isa = PBXBuildFile; fileRef = 45D68AF8260AA7B900D6184A /* TabBarViewController.swift */; };
/* End PBXBuildFile section */

/* Begin PBXFileReference section */
		45D68A9A260AA1B300D6184A /* Spotify.app */ = {isa = PBXFileReference; explicitFileType = wrapper.application; includeInIndex = 0; path = Spotify.app; sourceTree = BUILT_PRODUCTS_DIR; };
		45D68A9D260AA1B300D6184A /* AppDelegate.swift */ = {isa = PBXFileReference; lastKnownFileType = sourcecode.swift; path = AppDelegate.swift; sourceTree = "<group>"; };
		45D68AA1260AA1B300D6184A /* HomeViewController.swift */ = {isa = PBXFileReference; lastKnownFileType = sourcecode.swift; path = HomeViewController.swift; sourceTree = "<group>"; };
		45D68AA6260AA1B500D6184A /* Assets.xcassets */ = {isa = PBXFileReference; lastKnownFileType = folder.assetcatalog; path = Assets.xcassets; sourceTree = "<group>"; };
		45D68AA9260AA1B500D6184A /* Base */ = {isa = PBXFileReference; lastKnownFileType = file.storyboard; name = Base; path = Base.lproj/LaunchScreen.storyboard; sourceTree = "<group>"; };
		45D68AAB260AA1B500D6184A /* Info.plist */ = {isa = PBXFileReference; lastKnownFileType = text.plist.xml; path = Info.plist; sourceTree = "<group>"; };
		45D68AC5260AA64800D6184A /* AuthManager.swift */ = {isa = PBXFileReference; lastKnownFileType = sourcecode.swift; path = AuthManager.swift; sourceTree = "<group>"; };
		45D68AC8260AA65200D6184A /* APICaller.swift */ = {isa = PBXFileReference; lastKnownFileType = sourcecode.swift; path = APICaller.swift; sourceTree = "<group>"; };
		45D68ACB260AA65B00D6184A /* HapticsManager.swift */ = {isa = PBXFileReference; lastKnownFileType = sourcecode.swift; path = HapticsManager.swift; sourceTree = "<group>"; };
		45D68ACE260AA67000D6184A /* Playlist.swift */ = {isa = PBXFileReference; lastKnownFileType = sourcecode.swift; path = Playlist.swift; sourceTree = "<group>"; };
		45D68AD1260AA67B00D6184A /* AudioTrack.swift */ = {isa = PBXFileReference; lastKnownFileType = sourcecode.swift; path = AudioTrack.swift; sourceTree = "<group>"; };
		45D68AD4260AA68300D6184A /* Artist.swift */ = {isa = PBXFileReference; lastKnownFileType = sourcecode.swift; path = Artist.swift; sourceTree = "<group>"; };
		45D68AD7260AA69100D6184A /* UserProfile.swift */ = {isa = PBXFileReference; lastKnownFileType = sourcecode.swift; path = UserProfile.swift; sourceTree = "<group>"; };
		45D68ADB260AA6D500D6184A /* SearchViewController.swift */ = {isa = PBXFileReference; lastKnownFileType = sourcecode.swift; path = SearchViewController.swift; sourceTree = "<group>"; };
		45D68ADE260AA6DE00D6184A /* LibraryViewController.swift */ = {isa = PBXFileReference; lastKnownFileType = sourcecode.swift; path = LibraryViewController.swift; sourceTree = "<group>"; };
		45D68AE2260AA71700D6184A /* WelcomeViewController.swift */ = {isa = PBXFileReference; lastKnownFileType = sourcecode.swift; path = WelcomeViewController.swift; sourceTree = "<group>"; };
		45D68AE5260AA72100D6184A /* AuthViewController.swift */ = {isa = PBXFileReference; lastKnownFileType = sourcecode.swift; path = AuthViewController.swift; sourceTree = "<group>"; };
		45D68AE8260AA72B00D6184A /* SettingsViewController.swift */ = {isa = PBXFileReference; lastKnownFileType = sourcecode.swift; path = SettingsViewController.swift; sourceTree = "<group>"; };
		45D68AEB260AA73400D6184A /* ProfileViewController.swift */ = {isa = PBXFileReference; lastKnownFileType = sourcecode.swift; path = ProfileViewController.swift; sourceTree = "<group>"; };
		45D68AEE260AA73C00D6184A /* PlayerViewController.swift */ = {isa = PBXFileReference; lastKnownFileType = sourcecode.swift; path = PlayerViewController.swift; sourceTree = "<group>"; };
		45D68AF1260AA74700D6184A /* PlaylistViewController.swift */ = {isa = PBXFileReference; lastKnownFileType = sourcecode.swift; path = PlaylistViewController.swift; sourceTree = "<group>"; };
		45D68AF4260AA75E00D6184A /* SearchResultViewController.swift */ = {isa = PBXFileReference; lastKnownFileType = sourcecode.swift; path = SearchResultViewController.swift; sourceTree = "<group>"; };
		45D68AF8260AA7B900D6184A /* TabBarViewController.swift */ = {isa = PBXFileReference; lastKnownFileType = sourcecode.swift; path = TabBarViewController.swift; sourceTree = "<group>"; };
/* End PBXFileReference section */

/* Begin PBXFrameworksBuildPhase section */
		45D68A97260AA1B300D6184A /* Frameworks */ = {
			isa = PBXFrameworksBuildPhase;
			buildActionMask = 2147483647;
			files = (
			);
			runOnlyForDeploymentPostprocessing = 0;
		};
/* End PBXFrameworksBuildPhase section */

/* Begin PBXGroup section */
		45D68A91260AA1B300D6184A = {
			isa = PBXGroup;
			children = (
				45D68A9C260AA1B300D6184A /* Spotify */,
				45D68A9B260AA1B300D6184A /* Products */,
			);
			sourceTree = "<group>";
		};
		45D68A9B260AA1B300D6184A /* Products */ = {
			isa = PBXGroup;
			children = (
				45D68A9A260AA1B300D6184A /* Spotify.app */,
			);
			name = Products;
			sourceTree = "<group>";
		};
		45D68A9C260AA1B300D6184A /* Spotify */ = {
			isa = PBXGroup;
			children = (
				45D68AB8260AA24500D6184A /* Managers */,
				45D68AB7260AA23700D6184A /* Ressources */,
				45D68AB6260AA22F00D6184A /* ViewModels */,
				45D68AB5260AA22700D6184A /* Views */,
				45D68AB4260AA22200D6184A /* Models */,
				45D68AB3260AA21A00D6184A /* Controllers */,
				45D68AAB260AA1B500D6184A /* Info.plist */,
			);
			path = Spotify;
			sourceTree = "<group>";
		};
		45D68AB3260AA21A00D6184A /* Controllers */ = {
			isa = PBXGroup;
			children = (
				45D68AE1260AA6E600D6184A /* Other */,
				45D68ADA260AA6A200D6184A /* Core */,
			);
			path = Controllers;
			sourceTree = "<group>";
		};
		45D68AB4260AA22200D6184A /* Models */ = {
			isa = PBXGroup;
			children = (
				45D68ACE260AA67000D6184A /* Playlist.swift */,
				45D68AD1260AA67B00D6184A /* AudioTrack.swift */,
				45D68AD4260AA68300D6184A /* Artist.swift */,
				45D68AD7260AA69100D6184A /* UserProfile.swift */,
			);
			path = Models;
			sourceTree = "<group>";
		};
		45D68AB5260AA22700D6184A /* Views */ = {
			isa = PBXGroup;
			children = (
				45D68AA8260AA1B500D6184A /* LaunchScreen.storyboard */,
			);
			path = Views;
			sourceTree = "<group>";
		};
		45D68AB6260AA22F00D6184A /* ViewModels */ = {
			isa = PBXGroup;
			children = (
			);
			path = ViewModels;
			sourceTree = "<group>";
		};
		45D68AB7260AA23700D6184A /* Ressources */ = {
			isa = PBXGroup;
			children = (
				45D68A9D260AA1B300D6184A /* AppDelegate.swift */,
				45D68AA6260AA1B500D6184A /* Assets.xcassets */,
			);
			path = Ressources;
			sourceTree = "<group>";
		};
		45D68AB8260AA24500D6184A /* Managers */ = {
			isa = PBXGroup;
			children = (
				45D68AC5260AA64800D6184A /* AuthManager.swift */,
				45D68AC8260AA65200D6184A /* APICaller.swift */,
				45D68ACB260AA65B00D6184A /* HapticsManager.swift */,
			);
			path = Managers;
			sourceTree = "<group>";
		};
		45D68ADA260AA6A200D6184A /* Core */ = {
			isa = PBXGroup;
			children = (
				45D68AF8260AA7B900D6184A /* TabBarViewController.swift */,
				45D68AA1260AA1B300D6184A /* HomeViewController.swift */,
				45D68ADB260AA6D500D6184A /* SearchViewController.swift */,
				45D68ADE260AA6DE00D6184A /* LibraryViewController.swift */,
			);
			path = Core;
			sourceTree = "<group>";
		};
		45D68AE1260AA6E600D6184A /* Other */ = {
			isa = PBXGroup;
			children = (
				45D68AE2260AA71700D6184A /* WelcomeViewController.swift */,
				45D68AE5260AA72100D6184A /* AuthViewController.swift */,
				45D68AE8260AA72B00D6184A /* SettingsViewController.swift */,
				45D68AEB260AA73400D6184A /* ProfileViewController.swift */,
				45D68AEE260AA73C00D6184A /* PlayerViewController.swift */,
				45D68AF1260AA74700D6184A /* PlaylistViewController.swift */,
				45D68AF4260AA75E00D6184A /* SearchResultViewController.swift */,
			);
			path = Other;
			sourceTree = "<group>";
		};
/* End PBXGroup section */

/* Begin PBXNativeTarget section */
		45D68A99260AA1B300D6184A /* Spotify */ = {
			isa = PBXNativeTarget;
			buildConfigurationList = 45D68AAE260AA1B500D6184A /* Build configuration list for PBXNativeTarget "Spotify" */;
			buildPhases = (
				45D68A96260AA1B300D6184A /* Sources */,
				45D68A97260AA1B300D6184A /* Frameworks */,
				45D68A98260AA1B300D6184A /* Resources */,
			);
			buildRules = (
			);
			dependencies = (
			);
			name = Spotify;
			productName = Spotify;
			productReference = 45D68A9A260AA1B300D6184A /* Spotify.app */;
			productType = "com.apple.product-type.application";
		};
/* End PBXNativeTarget section */

/* Begin PBXProject section */
		45D68A92260AA1B300D6184A /* Project object */ = {
			isa = PBXProject;
			attributes = {
				LastSwiftUpdateCheck = 1240;
				LastUpgradeCheck = 1240;
				TargetAttributes = {
					45D68A99260AA1B300D6184A = {
						CreatedOnToolsVersion = 12.4;
					};
				};
			};
			buildConfigurationList = 45D68A95260AA1B300D6184A /* Build configuration list for PBXProject "Spotify" */;
			compatibilityVersion = "Xcode 9.3";
			developmentRegion = en;
			hasScannedForEncodings = 0;
			knownRegions = (
				en,
				Base,
			);
			mainGroup = 45D68A91260AA1B300D6184A;
			productRefGroup = 45D68A9B260AA1B300D6184A /* Products */;
			projectDirPath = "";
			projectRoot = "";
			targets = (
				45D68A99260AA1B300D6184A /* Spotify */,
			);
		};
/* End PBXProject section */

/* Begin PBXResourcesBuildPhase section */
		45D68A98260AA1B300D6184A /* Resources */ = {
			isa = PBXResourcesBuildPhase;
			buildActionMask = 2147483647;
			files = (
				45D68AAA260AA1B500D6184A /* LaunchScreen.storyboard in Resources */,
				45D68AA7260AA1B500D6184A /* Assets.xcassets in Resources */,
			);
			runOnlyForDeploymentPostprocessing = 0;
		};
/* End PBXResourcesBuildPhase section */

/* Begin PBXSourcesBuildPhase section */
		45D68A96260AA1B300D6184A /* Sources */ = {
			isa = PBXSourcesBuildPhase;
			buildActionMask = 2147483647;
			files = (
				45D68ACC260AA65B00D6184A /* HapticsManager.swift in Sources */,
				45D68ADC260AA6D500D6184A /* SearchViewController.swift in Sources */,
				45D68AA2260AA1B300D6184A /* HomeViewController.swift in Sources */,
				45D68AD8260AA69100D6184A /* UserProfile.swift in Sources */,
				45D68AD2260AA67B00D6184A /* AudioTrack.swift in Sources */,
				45D68AD5260AA68300D6184A /* Artist.swift in Sources */,
				45D68AEC260AA73400D6184A /* ProfileViewController.swift in Sources */,
				45D68AE3260AA71700D6184A /* WelcomeViewController.swift in Sources */,
				45D68AC6260AA64800D6184A /* AuthManager.swift in Sources */,
				45D68AE9260AA72B00D6184A /* SettingsViewController.swift in Sources */,
				45D68ACF260AA67000D6184A /* Playlist.swift in Sources */,
				45D68AE6260AA72100D6184A /* AuthViewController.swift in Sources */,
				45D68AC9260AA65200D6184A /* APICaller.swift in Sources */,
				45D68AF9260AA7B900D6184A /* TabBarViewController.swift in Sources */,
				45D68AF2260AA74700D6184A /* PlaylistViewController.swift in Sources */,
				45D68ADF260AA6DE00D6184A /* LibraryViewController.swift in Sources */,
				45D68A9E260AA1B300D6184A /* AppDelegate.swift in Sources */,
				45D68AF5260AA75E00D6184A /* SearchResultViewController.swift in Sources */,
				45D68AEF260AA73C00D6184A /* PlayerViewController.swift in Sources */,
			);
			runOnlyForDeploymentPostprocessing = 0;
		};
/* End PBXSourcesBuildPhase section */

/* Begin PBXVariantGroup section */
		45D68AA8260AA1B500D6184A /* LaunchScreen.storyboard */ = {
			isa = PBXVariantGroup;
			children = (
				45D68AA9260AA1B500D6184A /* Base */,
			);
			name = LaunchScreen.storyboard;
			sourceTree = "<group>";
		};
/* End PBXVariantGroup section */

/* Begin XCBuildConfiguration section */
		45D68AAC260AA1B500D6184A /* Debug */ = {
			isa = XCBuildConfiguration;
			buildSettings = {
				ALWAYS_SEARCH_USER_PATHS = NO;
				CLANG_ANALYZER_NONNULL = YES;
				CLANG_ANALYZER_NUMBER_OBJECT_CONVERSION = YES_AGGRESSIVE;
				CLANG_CXX_LANGUAGE_STANDARD = "gnu++14";
				CLANG_CXX_LIBRARY = "libc++";
				CLANG_ENABLE_MODULES = YES;
				CLANG_ENABLE_OBJC_ARC = YES;
				CLANG_ENABLE_OBJC_WEAK = YES;
				CLANG_WARN_BLOCK_CAPTURE_AUTORELEASING = YES;
				CLANG_WARN_BOOL_CONVERSION = YES;
				CLANG_WARN_COMMA = YES;
				CLANG_WARN_CONSTANT_CONVERSION = YES;
				CLANG_WARN_DEPRECATED_OBJC_IMPLEMENTATIONS = YES;
				CLANG_WARN_DIRECT_OBJC_ISA_USAGE = YES_ERROR;
				CLANG_WARN_DOCUMENTATION_COMMENTS = YES;
				CLANG_WARN_EMPTY_BODY = YES;
				CLANG_WARN_ENUM_CONVERSION = YES;
				CLANG_WARN_INFINITE_RECURSION = YES;
				CLANG_WARN_INT_CONVERSION = YES;
				CLANG_WARN_NON_LITERAL_NULL_CONVERSION = YES;
				CLANG_WARN_OBJC_IMPLICIT_RETAIN_SELF = YES;
				CLANG_WARN_OBJC_LITERAL_CONVERSION = YES;
				CLANG_WARN_OBJC_ROOT_CLASS = YES_ERROR;
				CLANG_WARN_QUOTED_INCLUDE_IN_FRAMEWORK_HEADER = YES;
				CLANG_WARN_RANGE_LOOP_ANALYSIS = YES;
				CLANG_WARN_STRICT_PROTOTYPES = YES;
				CLANG_WARN_SUSPICIOUS_MOVE = YES;
				CLANG_WARN_UNGUARDED_AVAILABILITY = YES_AGGRESSIVE;
				CLANG_WARN_UNREACHABLE_CODE = YES;
				CLANG_WARN__DUPLICATE_METHOD_MATCH = YES;
				COPY_PHASE_STRIP = NO;
				DEBUG_INFORMATION_FORMAT = dwarf;
				ENABLE_STRICT_OBJC_MSGSEND = YES;
				ENABLE_TESTABILITY = YES;
				GCC_C_LANGUAGE_STANDARD = gnu11;
				GCC_DYNAMIC_NO_PIC = NO;
				GCC_NO_COMMON_BLOCKS = YES;
				GCC_OPTIMIZATION_LEVEL = 0;
				GCC_PREPROCESSOR_DEFINITIONS = (
					"DEBUG=1",
					"$(inherited)",
				);
				GCC_WARN_64_TO_32_BIT_CONVERSION = YES;
				GCC_WARN_ABOUT_RETURN_TYPE = YES_ERROR;
				GCC_WARN_UNDECLARED_SELECTOR = YES;
				GCC_WARN_UNINITIALIZED_AUTOS = YES_AGGRESSIVE;
				GCC_WARN_UNUSED_FUNCTION = YES;
				GCC_WARN_UNUSED_VARIABLE = YES;
				IPHONEOS_DEPLOYMENT_TARGET = 14.4;
				MTL_ENABLE_DEBUG_INFO = INCLUDE_SOURCE;
				MTL_FAST_MATH = YES;
				ONLY_ACTIVE_ARCH = YES;
				SDKROOT = iphoneos;
				SWIFT_ACTIVE_COMPILATION_CONDITIONS = DEBUG;
				SWIFT_OPTIMIZATION_LEVEL = "-Onone";
			};
			name = Debug;
		};
		45D68AAD260AA1B500D6184A /* Release */ = {
			isa = XCBuildConfiguration;
			buildSettings = {
				ALWAYS_SEARCH_USER_PATHS = NO;
				CLANG_ANALYZER_NONNULL = YES;
				CLANG_ANALYZER_NUMBER_OBJECT_CONVERSION = YES_AGGRESSIVE;
				CLANG_CXX_LANGUAGE_STANDARD = "gnu++14";
				CLANG_CXX_LIBRARY = "libc++";
				CLANG_ENABLE_MODULES = YES;
				CLANG_ENABLE_OBJC_ARC = YES;
				CLANG_ENABLE_OBJC_WEAK = YES;
				CLANG_WARN_BLOCK_CAPTURE_AUTORELEASING = YES;
				CLANG_WARN_BOOL_CONVERSION = YES;
				CLANG_WARN_COMMA = YES;
				CLANG_WARN_CONSTANT_CONVERSION = YES;
				CLANG_WARN_DEPRECATED_OBJC_IMPLEMENTATIONS = YES;
				CLANG_WARN_DIRECT_OBJC_ISA_USAGE = YES_ERROR;
				CLANG_WARN_DOCUMENTATION_COMMENTS = YES;
				CLANG_WARN_EMPTY_BODY = YES;
				CLANG_WARN_ENUM_CONVERSION = YES;
				CLANG_WARN_INFINITE_RECURSION = YES;
				CLANG_WARN_INT_CONVERSION = YES;
				CLANG_WARN_NON_LITERAL_NULL_CONVERSION = YES;
				CLANG_WARN_OBJC_IMPLICIT_RETAIN_SELF = YES;
				CLANG_WARN_OBJC_LITERAL_CONVERSION = YES;
				CLANG_WARN_OBJC_ROOT_CLASS = YES_ERROR;
				CLANG_WARN_QUOTED_INCLUDE_IN_FRAMEWORK_HEADER = YES;
				CLANG_WARN_RANGE_LOOP_ANALYSIS = YES;
				CLANG_WARN_STRICT_PROTOTYPES = YES;
				CLANG_WARN_SUSPICIOUS_MOVE = YES;
				CLANG_WARN_UNGUARDED_AVAILABILITY = YES_AGGRESSIVE;
				CLANG_WARN_UNREACHABLE_CODE = YES;
				CLANG_WARN__DUPLICATE_METHOD_MATCH = YES;
				COPY_PHASE_STRIP = NO;
				DEBUG_INFORMATION_FORMAT = "dwarf-with-dsym";
				ENABLE_NS_ASSERTIONS = NO;
				ENABLE_STRICT_OBJC_MSGSEND = YES;
				GCC_C_LANGUAGE_STANDARD = gnu11;
				GCC_NO_COMMON_BLOCKS = YES;
				GCC_WARN_64_TO_32_BIT_CONVERSION = YES;
				GCC_WARN_ABOUT_RETURN_TYPE = YES_ERROR;
				GCC_WARN_UNDECLARED_SELECTOR = YES;
				GCC_WARN_UNINITIALIZED_AUTOS = YES_AGGRESSIVE;
				GCC_WARN_UNUSED_FUNCTION = YES;
				GCC_WARN_UNUSED_VARIABLE = YES;
				IPHONEOS_DEPLOYMENT_TARGET = 14.4;
				MTL_ENABLE_DEBUG_INFO = NO;
				MTL_FAST_MATH = YES;
				SDKROOT = iphoneos;
				SWIFT_COMPILATION_MODE = wholemodule;
				SWIFT_OPTIMIZATION_LEVEL = "-O";
				VALIDATE_PRODUCT = YES;
			};
			name = Release;
		};
		45D68AAF260AA1B500D6184A /* Debug */ = {
			isa = XCBuildConfiguration;
			buildSettings = {
				ASSETCATALOG_COMPILER_APPICON_NAME = AppIcon;
				ASSETCATALOG_COMPILER_GLOBAL_ACCENT_COLOR_NAME = AccentColor;
				CODE_SIGN_STYLE = Automatic;
				DEVELOPMENT_TEAM = 7XGX6TD7GL;
				INFOPLIST_FILE = Spotify/Info.plist;
				LD_RUNPATH_SEARCH_PATHS = (
					"$(inherited)",
					"@executable_path/Frameworks",
				);
				PRODUCT_BUNDLE_IDENTIFIER = com.224apps.Spotify;
				PRODUCT_NAME = "$(TARGET_NAME)";
				SWIFT_VERSION = 5.0;
				TARGETED_DEVICE_FAMILY = "1,2";
			};
			name = Debug;
		};
		45D68AB0260AA1B500D6184A /* Release */ = {
			isa = XCBuildConfiguration;
			buildSettings = {
				ASSETCATALOG_COMPILER_APPICON_NAME = AppIcon;
				ASSETCATALOG_COMPILER_GLOBAL_ACCENT_COLOR_NAME = AccentColor;
				CODE_SIGN_STYLE = Automatic;
				DEVELOPMENT_TEAM = 7XGX6TD7GL;
				INFOPLIST_FILE = Spotify/Info.plist;
				LD_RUNPATH_SEARCH_PATHS = (
					"$(inherited)",
					"@executable_path/Frameworks",
				);
				PRODUCT_BUNDLE_IDENTIFIER = com.224apps.Spotify;
				PRODUCT_NAME = "$(TARGET_NAME)";
				SWIFT_VERSION = 5.0;
				TARGETED_DEVICE_FAMILY = "1,2";
			};
			name = Release;
		};
/* End XCBuildConfiguration section */

/* Begin XCConfigurationList section */
		45D68A95260AA1B300D6184A /* Build configuration list for PBXProject "Spotify" */ = {
			isa = XCConfigurationList;
			buildConfigurations = (
				45D68AAC260AA1B500D6184A /* Debug */,
				45D68AAD260AA1B500D6184A /* Release */,
			);
			defaultConfigurationIsVisible = 0;
			defaultConfigurationName = Release;
		};
		45D68AAE260AA1B500D6184A /* Build configuration list for PBXNativeTarget "Spotify" */ = {
			isa = XCConfigurationList;
			buildConfigurations = (
				45D68AAF260AA1B500D6184A /* Debug */,
				45D68AB0260AA1B500D6184A /* Release */,
			);
			defaultConfigurationIsVisible = 0;
			defaultConfigurationName = Release;
		};
/* End XCConfigurationList section */
	};
	rootObject = 45D68A92260AA1B300D6184A /* Project object */;
}
